
Microsoft Visual Studio Solution File, Format Version 12.00
# Visual Studio 2015
Project("{FAE04EC0-301F-11D3-BF4B-00C04F79EFBC}") = "JAR-Prototyp.CSharp", "JAR-Prototyp.CSharp.csproj", "{530F9868-C0C0-F8CA-E737-DE983777358E}"
EndProject
Project("{FAE04EC0-301F-11D3-BF4B-00C04F79EFBC}") = "JAR-Prototyp.CSharp.Editor", "JAR-Prototyp.CSharp.Editor.csproj", "{D1D7DF44-1FE6-479D-1DA9-B0B50FDC837C}"
EndProject
Global
	GlobalSection(SolutionConfigurationPlatforms) = preSolution
		Debug|Any CPU = Debug|Any CPU
		Release|Any CPU = Release|Any CPU
	EndGlobalSection
	GlobalSection(ProjectConfigurationPlatforms) = postSolution
		{530F9868-C0C0-F8CA-E737-DE983777358E}.Debug|Any CPU.ActiveCfg = Debug|Any CPU
		{530F9868-C0C0-F8CA-E737-DE983777358E}.Debug|Any CPU.Build.0 = Debug|Any CPU
		{530F9868-C0C0-F8CA-E737-DE983777358E}.Release|Any CPU.ActiveCfg = Release|Any CPU
		{530F9868-C0C0-F8CA-E737-DE983777358E}.Release|Any CPU.Build.0 = Release|Any CPU
		{D1D7DF44-1FE6-479D-1DA9-B0B50FDC837C}.Debug|Any CPU.ActiveCfg = Debug|Any CPU
		{D1D7DF44-1FE6-479D-1DA9-B0B50FDC837C}.Debug|Any CPU.Build.0 = Debug|Any CPU
		{D1D7DF44-1FE6-479D-1DA9-B0B50FDC837C}.Release|Any CPU.ActiveCfg = Release|Any CPU
		{D1D7DF44-1FE6-479D-1DA9-B0B50FDC837C}.Release|Any CPU.Build.0 = Release|Any CPU
	EndGlobalSection
	GlobalSection(SolutionProperties) = preSolution
		HideSolutionNode = FALSE
	EndGlobalSection
EndGlobal
